
Microsoft Visual Studio Solution File, Format Version 12.00
# Visual Studio 15
VisualStudioVersion = 15.0.27703.2018
MinimumVisualStudioVersion = 10.0.40219.1
Project("{FAE04EC0-301F-11D3-BF4B-00C04F79EFBC}") = "ConvertVsParse", "ConvertVsParse\ConvertVsParse.csproj", "{3165E4A7-6071-43F2-B93D-46A081D22BBA}"
EndProject
Global
	GlobalSection(SolutionConfigurationPlatforms) = preSolution
		Debug|Any CPU = Debug|Any CPU
		Release|Any CPU = Release|Any CPU
	EndGlobalSection
	GlobalSection(ProjectConfigurationPlatforms) = postSolution
		{3165E4A7-6071-43F2-B93D-46A081D22BBA}.Debug|Any CPU.ActiveCfg = Debug|Any CPU
		{3165E4A7-6071-43F2-B93D-46A081D22BBA}.Debug|Any CPU.Build.0 = Debug|Any CPU
		{3165E4A7-6071-43F2-B93D-46A081D22BBA}.Release|Any CPU.ActiveCfg = Release|Any CPU
		{3165E4A7-6071-43F2-B93D-46A081D22BBA}.Release|Any CPU.Build.0 = Release|Any CPU
	EndGlobalSection
	GlobalSection(SolutionProperties) = preSolution
		HideSolutionNode = FALSE
	EndGlobalSection
	GlobalSection(ExtensibilityGlobals) = postSolution
		SolutionGuid = {CB590FC9-D192-4FA4-908C-2DFA9CDA89BF}
	EndGlobalSection
EndGlobal
